
Microsoft Visual Studio Solution File, Format Version 12.00
# Visual Studio Version 17
VisualStudioVersion = 17.10.35122.118
MinimumVisualStudioVersion = 10.0.40219.1
Project("{FAE04EC0-301F-11D3-BF4B-00C04F79EFBC}") = "Ejercicio Clases", "Ejercicio Clases\Ejercicio Clases.csproj", "{15E0514D-CC8E-4C47-BD18-E774651747DE}"
EndProject
Global
	GlobalSection(SolutionConfigurationPlatforms) = preSolution
		Debug|Any CPU = Debug|Any CPU
		Release|Any CPU = Release|Any CPU
	EndGlobalSection
	GlobalSection(ProjectConfigurationPlatforms) = postSolution
		{15E0514D-CC8E-4C47-BD18-E774651747DE}.Debug|Any CPU.ActiveCfg = Debug|Any CPU
		{15E0514D-CC8E-4C47-BD18-E774651747DE}.Debug|Any CPU.Build.0 = Debug|Any CPU
		{15E0514D-CC8E-4C47-BD18-E774651747DE}.Release|Any CPU.ActiveCfg = Release|Any CPU
		{15E0514D-CC8E-4C47-BD18-E774651747DE}.Release|Any CPU.Build.0 = Release|Any CPU
	EndGlobalSection
	GlobalSection(SolutionProperties) = preSolution
		HideSolutionNode = FALSE
	EndGlobalSection
	GlobalSection(ExtensibilityGlobals) = postSolution
		SolutionGuid = {2A8822B4-0E1B-4919-B14A-AE3A2E6B0089}
	EndGlobalSection
EndGlobal
